
Microsoft Visual Studio Solution File, Format Version 12.00
Project("{FAE04EC0-301F-11D3-BF4B-00C04F79EFBC}") = "CoffeeMaker.Api", "CoffeeMaker.Api\CoffeeMaker.Api.csproj", "{EC0D5A20-9B10-4E84-BD49-92BD4110D465}"
EndProject
Global
	GlobalSection(SolutionConfigurationPlatforms) = preSolution
		Debug|Any CPU = Debug|Any CPU
		Release|Any CPU = Release|Any CPU
	EndGlobalSection
	GlobalSection(ProjectConfigurationPlatforms) = postSolution
		{EC0D5A20-9B10-4E84-BD49-92BD4110D465}.Debug|Any CPU.ActiveCfg = Debug|Any CPU
		{EC0D5A20-9B10-4E84-BD49-92BD4110D465}.Debug|Any CPU.Build.0 = Debug|Any CPU
		{EC0D5A20-9B10-4E84-BD49-92BD4110D465}.Release|Any CPU.ActiveCfg = Release|Any CPU
		{EC0D5A20-9B10-4E84-BD49-92BD4110D465}.Release|Any CPU.Build.0 = Release|Any CPU
	EndGlobalSection
EndGlobal
